{
  "name": "sass_skeleton",
  "version": "1.0.0",
  "lockfileVersion": 1,
  "requires": true,
  "dependencies": {
    "grunt-bake": {
      "version": "1.9.0",
      "resolved": "https://registry.npmjs.org/grunt-bake/-/grunt-bake-1.9.0.tgz",
      "integrity": "sha512-XbNHk/Uc6P0E1/RbWvljg+7oTmvMETrwsBA3fNk01/WldAVNr4Qxg/GdAHgl7/x/qh8V/Dk0WXrCHs72bz1XzQ==",
      "dev": true,
      "requires": {
        "mout": "~1.0.0"
      }
    },
    "mout": {
      "version": "1.0.0",
      "resolved": "https://registry.npmjs.org/mout/-/mout-1.0.0.tgz",
      "integrity": "sha1-m98dSvV9ZtR8s1OmM1oygQmOFQE=",
      "dev": true
    }
  }
}
